{
  "originHash" : "274c0f36c4a892b43136c1227272420b43e8c255d5377f770e4f5917ba4c776b",
  "pins" : [
    {
      "identity" : "grdb.swift",
      "kind" : "remoteSourceControl",
      "location" : "git@github.com:groue/GRDB.swift.git",
      "state" : {
        "revision" : "6eba24d16952452a8a54f6a639491f3c8215527f",
        "version" : "7.3.0"
      }
    },
    {
      "identity" : "swiftyjson",
      "kind" : "remoteSourceControl",
      "location" : "git@github.com:SwiftyJSON/SwiftyJSON.git",
      "state" : {
        "revision" : "af76cf3ef710b6ca5f8c05f3a31307d44a3c5828",
        "version" : "5.0.2"
      }
    }
  ],
  "version" : 3
}
