{
  "originHash" : "9c8eba7832b9fa2c09b0da444eab02da13a43f28e2005653cdc8058dc34f7984",
  "pins" : [
    {
      "identity" : "grdb.swift",
      "kind" : "remoteSourceControl",
      "location" : "https://github.com/groue/GRDB.swift.git",
      "state" : {
        "revision" : "6eba24d16952452a8a54f6a639491f3c8215527f",
        "version" : "7.3.0"
      }
    },
    {
      "identity" : "reachability.swift",
      "kind" : "remoteSourceControl",
      "location" : "https://github.com/ashleymills/Reachability.swift.git",
      "state" : {
        "revision" : "21d1dc412cfecbe6e34f1f4c4eb88d3f912654a6",
        "version" : "5.2.4"
      }
    },
    {
      "identity" : "swiftyjson",
      "kind" : "remoteSourceControl",
      "location" : "https://github.com/SwiftyJSON/SwiftyJSON.git",
      "state" : {
        "revision" : "af76cf3ef710b6ca5f8c05f3a31307d44a3c5828",
        "version" : "5.0.2"
      }
    }
  ],
  "version" : 3
}
